
Microsoft Visual Studio Solution File, Format Version 12.00
# Visual Studio Version 17
VisualStudioVersion = 17.4.33213.308
MinimumVisualStudioVersion = 10.0.40219.1
Project("{FAE04EC0-301F-11D3-BF4B-00C04F79EFBC}") = "Prototype10", "Prototype10\Prototype10.csproj", "{0867C351-2141-4845-B061-CF0B5E983A31}"
EndProject
Global
	GlobalSection(SolutionConfigurationPlatforms) = preSolution
		Debug|Any CPU = Debug|Any CPU
		Release|Any CPU = Release|Any CPU
	EndGlobalSection
	GlobalSection(ProjectConfigurationPlatforms) = postSolution
		{0867C351-2141-4845-B061-CF0B5E983A31}.Debug|Any CPU.ActiveCfg = Debug|Any CPU
		{0867C351-2141-4845-B061-CF0B5E983A31}.Debug|Any CPU.Build.0 = Debug|Any CPU
		{0867C351-2141-4845-B061-CF0B5E983A31}.Release|Any CPU.ActiveCfg = Release|Any CPU
		{0867C351-2141-4845-B061-CF0B5E983A31}.Release|Any CPU.Build.0 = Release|Any CPU
	EndGlobalSection
	GlobalSection(SolutionProperties) = preSolution
		HideSolutionNode = FALSE
	EndGlobalSection
	GlobalSection(ExtensibilityGlobals) = postSolution
		SolutionGuid = {F8EB9982-5276-4F4D-A48C-5472D619630D}
	EndGlobalSection
EndGlobal
